
Microsoft Visual Studio Solution File, Format Version 12.00
# Visual Studio Version 17
VisualStudioVersion = 17.7.34031.279
MinimumVisualStudioVersion = 10.0.40219.1
Project("{FAE04EC0-301F-11D3-BF4B-00C04F79EFBC}") = "SnakesLaddersWedMorn", "SnakesLaddersWedMorn\SnakesLaddersWedMorn.csproj", "{215A05E7-CF09-452B-9047-78FDDB894BAF}"
EndProject
Global
	GlobalSection(SolutionConfigurationPlatforms) = preSolution
		Debug|Any CPU = Debug|Any CPU
		Release|Any CPU = Release|Any CPU
	EndGlobalSection
	GlobalSection(ProjectConfigurationPlatforms) = postSolution
		{215A05E7-CF09-452B-9047-78FDDB894BAF}.Debug|Any CPU.ActiveCfg = Debug|Any CPU
		{215A05E7-CF09-452B-9047-78FDDB894BAF}.Debug|Any CPU.Build.0 = Debug|Any CPU
		{215A05E7-CF09-452B-9047-78FDDB894BAF}.Debug|Any CPU.Deploy.0 = Debug|Any CPU
		{215A05E7-CF09-452B-9047-78FDDB894BAF}.Release|Any CPU.ActiveCfg = Release|Any CPU
		{215A05E7-CF09-452B-9047-78FDDB894BAF}.Release|Any CPU.Build.0 = Release|Any CPU
		{215A05E7-CF09-452B-9047-78FDDB894BAF}.Release|Any CPU.Deploy.0 = Release|Any CPU
	EndGlobalSection
	GlobalSection(SolutionProperties) = preSolution
		HideSolutionNode = FALSE
	EndGlobalSection
	GlobalSection(ExtensibilityGlobals) = postSolution
		SolutionGuid = {8F0B6088-409D-4DC4-A34F-DC562D989AF5}
	EndGlobalSection
EndGlobal
